
Microsoft Visual Studio Solution File, Format Version 12.00
# Visual Studio Version 16
VisualStudioVersion = 16.0.31129.286
MinimumVisualStudioVersion = 10.0.40219.1
Project("{FAE04EC0-301F-11D3-BF4B-00C04F79EFBC}") = "NetFramework_SignalR_Client_Demo", "NetFramework_SignalR_Client_Demo\NetFramework_SignalR_Client_Demo.csproj", "{2133609B-B676-4E51-B86A-DE48D4E71751}"
EndProject
Global
	GlobalSection(SolutionConfigurationPlatforms) = preSolution
		Debug|Any CPU = Debug|Any CPU
		Release|Any CPU = Release|Any CPU
	EndGlobalSection
	GlobalSection(ProjectConfigurationPlatforms) = postSolution
		{2133609B-B676-4E51-B86A-DE48D4E71751}.Debug|Any CPU.ActiveCfg = Debug|Any CPU
		{2133609B-B676-4E51-B86A-DE48D4E71751}.Debug|Any CPU.Build.0 = Debug|Any CPU
		{2133609B-B676-4E51-B86A-DE48D4E71751}.Release|Any CPU.ActiveCfg = Release|Any CPU
		{2133609B-B676-4E51-B86A-DE48D4E71751}.Release|Any CPU.Build.0 = Release|Any CPU
	EndGlobalSection
	GlobalSection(SolutionProperties) = preSolution
		HideSolutionNode = FALSE
	EndGlobalSection
	GlobalSection(ExtensibilityGlobals) = postSolution
		SolutionGuid = {38267428-3283-47AB-80C1-867F722242F6}
	EndGlobalSection
EndGlobal
